Microsoft Visual Studio Solution File, Format Version 12.00
# Visual Studio Version 17
VisualStudioVersion = 17.0.31611.283
MinimumVisualStudioVersion = 10.0.40219.1
Project("{9A19103F-16F7-4668-BE54-9A1E7A4F7556}") = "FilePickerError", "FilePickerError\FilePickerError.csproj", "{30F0F4E9-C161-4174-804D-A211551A24BA}"
EndProject
Global
	GlobalSection(SolutionConfigurationPlatforms) = preSolution
		Debug|Any CPU = Debug|Any CPU
		Release|Any CPU = Release|Any CPU
	EndGlobalSection
	GlobalSection(ProjectConfigurationPlatforms) = postSolution
		{30F0F4E9-C161-4174-804D-A211551A24BA}.Debug|Any CPU.ActiveCfg = Debug|Any CPU
		{30F0F4E9-C161-4174-804D-A211551A24BA}.Debug|Any CPU.Build.0 = Debug|Any CPU
		{30F0F4E9-C161-4174-804D-A211551A24BA}.Debug|Any CPU.Deploy.0 = Debug|Any CPU
		{30F0F4E9-C161-4174-804D-A211551A24BA}.Release|Any CPU.ActiveCfg = Release|Any CPU
		{30F0F4E9-C161-4174-804D-A211551A24BA}.Release|Any CPU.Build.0 = Release|Any CPU
		{30F0F4E9-C161-4174-804D-A211551A24BA}.Release|Any CPU.Deploy.0 = Release|Any CPU
	EndGlobalSection
	GlobalSection(SolutionProperties) = preSolution
		HideSolutionNode = FALSE
	EndGlobalSection
	GlobalSection(ExtensibilityGlobals) = postSolution
		        SolutionGuid = {61F7FB11-1E47-470C-91E2-47F8143E1572}
		SolutionGuid = {E5B6B26C-9CBA-4A78-85A4-FB9628CED8DA}
	EndGlobalSection
EndGlobal
